
Microsoft Visual Studio Solution File, Format Version 12.00
# Visual Studio Version 17
VisualStudioVersion = 17.5.33530.505
MinimumVisualStudioVersion = 10.0.40219.1
Project("{9A19103F-16F7-4668-BE54-9A1E7A4F7556}") = "QuanLib.Minecraft", "QuanLib.Minecraft\QuanLib.Minecraft.csproj", "{C95DC1A8-F28B-459D-9942-49F4CA1D6E5B}"
EndProject
Project("{9A19103F-16F7-4668-BE54-9A1E7A4F7556}") = "QuanLib.Minecraft.API", "QuanLib.Minecraft.API\QuanLib.Minecraft.API.csproj", "{659EE297-D27A-44C2-8A18-41CBDBE75C78}"
EndProject
Project("{9A19103F-16F7-4668-BE54-9A1E7A4F7556}") = "QuanLib.Core", "..\QuanLib\QuanLib.Core\QuanLib.Core.csproj", "{3F20B684-5CB7-4781-9C9C-8216E62C639F}"
EndProject
Project("{9A19103F-16F7-4668-BE54-9A1E7A4F7556}") = "QuanLib.Minecraft.RCON", "QuanLib.Minecraft.RCON\QuanLib.Minecraft.RCON.csproj", "{CFC257EE-8094-4F73-AA04-07CD1C7D086B}"
EndProject
Project("{9A19103F-16F7-4668-BE54-9A1E7A4F7556}") = "QuanLib.IO", "..\QuanLib\QuanLib.IO\QuanLib.IO.csproj", "{66FEC611-B66C-479E-A62D-458BFA635046}"
EndProject
Project("{9A19103F-16F7-4668-BE54-9A1E7A4F7556}") = "QuanLib.Minecraft.Mod", "QuanLib.Minecraft.Mod\QuanLib.Minecraft.Mod.csproj", "{3151FA8D-6C56-4780-A141-9EF166DB0B80}"
EndProject
Project("{9A19103F-16F7-4668-BE54-9A1E7A4F7556}") = "QuanLib.Minecraft.Instance", "QuanLib.Minecraft.Instance\QuanLib.Minecraft.Instance.csproj", "{E72A47A4-EF1B-4E87-8878-7E5E7877EFB0}"
EndProject
Project("{9A19103F-16F7-4668-BE54-9A1E7A4F7556}") = "QuanLib.Minecraft.Command", "QuanLib.Minecraft.Command\QuanLib.Minecraft.Command.csproj", "{ED537330-3DCF-4132-91F4-411D4C5427FE}"
EndProject
Project("{9A19103F-16F7-4668-BE54-9A1E7A4F7556}") = "QuanLib.Minecraft.Downloading", "QuanLib.Minecraft.Downloading\QuanLib.Minecraft.Downloading.csproj", "{0DF3472A-66AC-4AC2-BE31-DF85A5771493}"
EndProject
Project("{9A19103F-16F7-4668-BE54-9A1E7A4F7556}") = "QuanLib.Minecraft.ResourcePack", "QuanLib.Minecraft.ResourcePack\QuanLib.Minecraft.ResourcePack.csproj", "{FE53051C-507E-461C-8DC2-56273BADC712}"
EndProject
Project("{9A19103F-16F7-4668-BE54-9A1E7A4F7556}") = "QuanLib.Minecraft.Logging", "QuanLib.Minecraft.Logging\QuanLib.Minecraft.Logging.csproj", "{3C440E57-F22B-425A-AD4A-9BF9FA9B5330}"
EndProject
Project("{9A19103F-16F7-4668-BE54-9A1E7A4F7556}") = "QuanLib.Minecraft.NBT", "QuanLib.Minecraft.NBT\QuanLib.Minecraft.NBT.csproj", "{C9E81EC1-EC3C-4909-BA72-E23677B03784}"
EndProject
Global
	GlobalSection(SolutionConfigurationPlatforms) = preSolution
		Debug|Any CPU = Debug|Any CPU
		Release|Any CPU = Release|Any CPU
	EndGlobalSection
	GlobalSection(ProjectConfigurationPlatforms) = postSolution
		{C95DC1A8-F28B-459D-9942-49F4CA1D6E5B}.Debug|Any CPU.ActiveCfg = Debug|Any CPU
		{C95DC1A8-F28B-459D-9942-49F4CA1D6E5B}.Debug|Any CPU.Build.0 = Debug|Any CPU
		{C95DC1A8-F28B-459D-9942-49F4CA1D6E5B}.Release|Any CPU.ActiveCfg = Release|Any CPU
		{C95DC1A8-F28B-459D-9942-49F4CA1D6E5B}.Release|Any CPU.Build.0 = Release|Any CPU
		{659EE297-D27A-44C2-8A18-41CBDBE75C78}.Debug|Any CPU.ActiveCfg = Debug|Any CPU
		{659EE297-D27A-44C2-8A18-41CBDBE75C78}.Debug|Any CPU.Build.0 = Debug|Any CPU
		{659EE297-D27A-44C2-8A18-41CBDBE75C78}.Release|Any CPU.ActiveCfg = Release|Any CPU
		{659EE297-D27A-44C2-8A18-41CBDBE75C78}.Release|Any CPU.Build.0 = Release|Any CPU
		{3F20B684-5CB7-4781-9C9C-8216E62C639F}.Debug|Any CPU.ActiveCfg = Debug|Any CPU
		{3F20B684-5CB7-4781-9C9C-8216E62C639F}.Debug|Any CPU.Build.0 = Debug|Any CPU
		{3F20B684-5CB7-4781-9C9C-8216E62C639F}.Release|Any CPU.ActiveCfg = Release|Any CPU
		{3F20B684-5CB7-4781-9C9C-8216E62C639F}.Release|Any CPU.Build.0 = Release|Any CPU
		{CFC257EE-8094-4F73-AA04-07CD1C7D086B}.Debug|Any CPU.ActiveCfg = Debug|Any CPU
		{CFC257EE-8094-4F73-AA04-07CD1C7D086B}.Debug|Any CPU.Build.0 = Debug|Any CPU
		{CFC257EE-8094-4F73-AA04-07CD1C7D086B}.Release|Any CPU.ActiveCfg = Release|Any CPU
		{CFC257EE-8094-4F73-AA04-07CD1C7D086B}.Release|Any CPU.Build.0 = Release|Any CPU
		{66FEC611-B66C-479E-A62D-458BFA635046}.Debug|Any CPU.ActiveCfg = Debug|Any CPU
		{66FEC611-B66C-479E-A62D-458BFA635046}.Debug|Any CPU.Build.0 = Debug|Any CPU
		{66FEC611-B66C-479E-A62D-458BFA635046}.Release|Any CPU.ActiveCfg = Release|Any CPU
		{66FEC611-B66C-479E-A62D-458BFA635046}.Release|Any CPU.Build.0 = Release|Any CPU
		{3151FA8D-6C56-4780-A141-9EF166DB0B80}.Debug|Any CPU.ActiveCfg = Debug|Any CPU
		{3151FA8D-6C56-4780-A141-9EF166DB0B80}.Debug|Any CPU.Build.0 = Debug|Any CPU
		{3151FA8D-6C56-4780-A141-9EF166DB0B80}.Release|Any CPU.ActiveCfg = Release|Any CPU
		{3151FA8D-6C56-4780-A141-9EF166DB0B80}.Release|Any CPU.Build.0 = Release|Any CPU
		{E72A47A4-EF1B-4E87-8878-7E5E7877EFB0}.Debug|Any CPU.ActiveCfg = Debug|Any CPU
		{E72A47A4-EF1B-4E87-8878-7E5E7877EFB0}.Debug|Any CPU.Build.0 = Debug|Any CPU
		{E72A47A4-EF1B-4E87-8878-7E5E7877EFB0}.Release|Any CPU.ActiveCfg = Release|Any CPU
		{E72A47A4-EF1B-4E87-8878-7E5E7877EFB0}.Release|Any CPU.Build.0 = Release|Any CPU
		{ED537330-3DCF-4132-91F4-411D4C5427FE}.Debug|Any CPU.ActiveCfg = Debug|Any CPU
		{ED537330-3DCF-4132-91F4-411D4C5427FE}.Debug|Any CPU.Build.0 = Debug|Any CPU
		{ED537330-3DCF-4132-91F4-411D4C5427FE}.Release|Any CPU.ActiveCfg = Release|Any CPU
		{ED537330-3DCF-4132-91F4-411D4C5427FE}.Release|Any CPU.Build.0 = Release|Any CPU
		{0DF3472A-66AC-4AC2-BE31-DF85A5771493}.Debug|Any CPU.ActiveCfg = Debug|Any CPU
		{0DF3472A-66AC-4AC2-BE31-DF85A5771493}.Debug|Any CPU.Build.0 = Debug|Any CPU
		{0DF3472A-66AC-4AC2-BE31-DF85A5771493}.Release|Any CPU.ActiveCfg = Release|Any CPU
		{0DF3472A-66AC-4AC2-BE31-DF85A5771493}.Release|Any CPU.Build.0 = Release|Any CPU
		{FE53051C-507E-461C-8DC2-56273BADC712}.Debug|Any CPU.ActiveCfg = Debug|Any CPU
		{FE53051C-507E-461C-8DC2-56273BADC712}.Debug|Any CPU.Build.0 = Debug|Any CPU
		{FE53051C-507E-461C-8DC2-56273BADC712}.Release|Any CPU.ActiveCfg = Release|Any CPU
		{FE53051C-507E-461C-8DC2-56273BADC712}.Release|Any CPU.Build.0 = Release|Any CPU
		{3C440E57-F22B-425A-AD4A-9BF9FA9B5330}.Debug|Any CPU.ActiveCfg = Debug|Any CPU
		{3C440E57-F22B-425A-AD4A-9BF9FA9B5330}.Debug|Any CPU.Build.0 = Debug|Any CPU
		{3C440E57-F22B-425A-AD4A-9BF9FA9B5330}.Release|Any CPU.ActiveCfg = Release|Any CPU
		{3C440E57-F22B-425A-AD4A-9BF9FA9B5330}.Release|Any CPU.Build.0 = Release|Any CPU
		{C9E81EC1-EC3C-4909-BA72-E23677B03784}.Debug|Any CPU.ActiveCfg = Debug|Any CPU
		{C9E81EC1-EC3C-4909-BA72-E23677B03784}.Debug|Any CPU.Build.0 = Debug|Any CPU
		{C9E81EC1-EC3C-4909-BA72-E23677B03784}.Release|Any CPU.ActiveCfg = Release|Any CPU
		{C9E81EC1-EC3C-4909-BA72-E23677B03784}.Release|Any CPU.Build.0 = Release|Any CPU
	EndGlobalSection
	GlobalSection(SolutionProperties) = preSolution
		HideSolutionNode = FALSE
	EndGlobalSection
	GlobalSection(ExtensibilityGlobals) = postSolution
		SolutionGuid = {F08130D5-16D7-42EF-B9A9-51D0C49B9475}
	EndGlobalSection
EndGlobal
